
Microsoft Visual Studio Solution File, Format Version 12.00
# Visual Studio Version 17
VisualStudioVersion = 17.3.32825.248
MinimumVisualStudioVersion = 10.0.40219.1
Project("{FAE04EC0-301F-11D3-BF4B-00C04F79EFBC}") = "Obliviate", "Obliviate.csproj", "{A7BC9ABA-0249-4848-B6F4-A01AF0E7025C}"
EndProject
Project("{E53339B2-1760-4266-BCC7-CA923CBCF16C}") = "docker-compose", "docker-compose.dcproj", "{9DBDC772-A392-4B71-BF6B-3FF575FE2948}"
EndProject
Global
	GlobalSection(SolutionConfigurationPlatforms) = preSolution
		Debug|Any CPU = Debug|Any CPU
		Release|Any CPU = Release|Any CPU
	EndGlobalSection
	GlobalSection(ProjectConfigurationPlatforms) = postSolution
		{A7BC9ABA-0249-4848-B6F4-A01AF0E7025C}.Debug|Any CPU.ActiveCfg = Debug|Any CPU
		{A7BC9ABA-0249-4848-B6F4-A01AF0E7025C}.Debug|Any CPU.Build.0 = Debug|Any CPU
		{A7BC9ABA-0249-4848-B6F4-A01AF0E7025C}.Release|Any CPU.ActiveCfg = Release|Any CPU
		{A7BC9ABA-0249-4848-B6F4-A01AF0E7025C}.Release|Any CPU.Build.0 = Release|Any CPU
		{9DBDC772-A392-4B71-BF6B-3FF575FE2948}.Debug|Any CPU.ActiveCfg = Debug|Any CPU
		{9DBDC772-A392-4B71-BF6B-3FF575FE2948}.Debug|Any CPU.Build.0 = Debug|Any CPU
		{9DBDC772-A392-4B71-BF6B-3FF575FE2948}.Release|Any CPU.ActiveCfg = Release|Any CPU
		{9DBDC772-A392-4B71-BF6B-3FF575FE2948}.Release|Any CPU.Build.0 = Release|Any CPU
	EndGlobalSection
	GlobalSection(SolutionProperties) = preSolution
		HideSolutionNode = FALSE
	EndGlobalSection
	GlobalSection(ExtensibilityGlobals) = postSolution
		SolutionGuid = {DA73EE9A-0CC8-4FA1-ACC1-7ECA84B9340A}
	EndGlobalSection
EndGlobal
